
Microsoft Visual Studio Solution File, Format Version 12.00
# Visual Studio 15
VisualStudioVersion = 15.0.28307.329
MinimumVisualStudioVersion = 10.0.40219.1
Project("{FAE04EC0-301F-11D3-BF4B-00C04F79EFBC}") = "Vidly", "Vidly\Vidly.csproj", "{6E5A6E9B-BB8F-4458-86B9-91F5FE516008}"
EndProject
Global
	GlobalSection(SolutionConfigurationPlatforms) = preSolution
		Debug|Any CPU = Debug|Any CPU
		Release|Any CPU = Release|Any CPU
	EndGlobalSection
	GlobalSection(ProjectConfigurationPlatforms) = postSolution
		{6E5A6E9B-BB8F-4458-86B9-91F5FE516008}.Debug|Any CPU.ActiveCfg = Debug|Any CPU
		{6E5A6E9B-BB8F-4458-86B9-91F5FE516008}.Debug|Any CPU.Build.0 = Debug|Any CPU
		{6E5A6E9B-BB8F-4458-86B9-91F5FE516008}.Release|Any CPU.ActiveCfg = Release|Any CPU
		{6E5A6E9B-BB8F-4458-86B9-91F5FE516008}.Release|Any CPU.Build.0 = Release|Any CPU
	EndGlobalSection
	GlobalSection(SolutionProperties) = preSolution
		HideSolutionNode = FALSE
	EndGlobalSection
	GlobalSection(ExtensibilityGlobals) = postSolution
		SolutionGuid = {11995AED-9719-42E2-81FB-06753A51D4ED}
	EndGlobalSection
EndGlobal
